// !$*UTF8*$!
{
	archiveVersion = 1;
	classes = {
	};
	objectVersion = 56;
	objects = {

/* Begin PBXBuildFile section */
		927CB17029F350C1009765F3 /* OAuth2Service.swift in Sources */ = {isa = PBXBuildFile; fileRef = 927CB16F29F350C0009765F3 /* OAuth2Service.swift */; };
		927CB17329F436CB009765F3 /* OAuth2TokenStorage + SKW.swift in Sources */ = {isa = PBXBuildFile; fileRef = 927CB17229F436CB009765F3 /* OAuth2TokenStorage + SKW.swift */; };
		927CB17529F49049009765F3 /* SplashViewController.swift in Sources */ = {isa = PBXBuildFile; fileRef = 927CB17429F49049009765F3 /* SplashViewController.swift */; };
		928E65BA29EB40E4000DA229 /* Constants.swift in Sources */ = {isa = PBXBuildFile; fileRef = 928E65B929EB40E4000DA229 /* Constants.swift */; };
		928E65BD29EF2BAB000DA229 /* AuthViewController.swift in Sources */ = {isa = PBXBuildFile; fileRef = 928E65BC29EF2BAB000DA229 /* AuthViewController.swift */; };
		928E65BF29EF5922000DA229 /* WebViewViewController.swift in Sources */ = {isa = PBXBuildFile; fileRef = 928E65BE29EF5922000DA229 /* WebViewViewController.swift */; };
		9290C93329D7270D00ADF3C3 /* Main.storyboard in Resources */ = {isa = PBXBuildFile; fileRef = 9290C93229D7270D00ADF3C3 /* Main.storyboard */; };
		9290C93729D7293D00ADF3C3 /* ProfileViewController.swift in Sources */ = {isa = PBXBuildFile; fileRef = 9290C93629D7293D00ADF3C3 /* ProfileViewController.swift */; };
		9290C93A29D7296200ADF3C3 /* SingleImageViewController.swift in Sources */ = {isa = PBXBuildFile; fileRef = 9290C93929D7296200ADF3C3 /* SingleImageViewController.swift */; };
		92A3C1282A052F67004598E0 /* ProfileService.swift in Sources */ = {isa = PBXBuildFile; fileRef = 92A3C1272A052F67004598E0 /* ProfileService.swift */; };
		92A3C12A2A06E44F004598E0 /* ProfileImageService.swift in Sources */ = {isa = PBXBuildFile; fileRef = 92A3C1292A06E44F004598E0 /* ProfileImageService.swift */; };
		92A3C12E2A0944C4004598E0 /* URLSession - GenericFunc.swift in Sources */ = {isa = PBXBuildFile; fileRef = 92A3C12D2A0944C4004598E0 /* URLSession - GenericFunc.swift */; };
		92C14DEF29FC05150035C527 /* ProgressHUD in Frameworks */ = {isa = PBXBuildFile; productRef = 92C14DEE29FC05150035C527 /* ProgressHUD */; };
		92C14DF12A04EC5D0035C527 /* UIBlockingProgressHUD.swift in Sources */ = {isa = PBXBuildFile; fileRef = 92C14DF02A04EC5D0035C527 /* UIBlockingProgressHUD.swift */; };
		92D5A7DB29C360D9000F7A1C /* AppDelegate.swift in Sources */ = {isa = PBXBuildFile; fileRef = 92D5A7DA29C360D9000F7A1C /* AppDelegate.swift */; };
		92D5A7DD29C360D9000F7A1C /* SceneDelegate.swift in Sources */ = {isa = PBXBuildFile; fileRef = 92D5A7DC29C360D9000F7A1C /* SceneDelegate.swift */; };
		92D5A7DF29C360D9000F7A1C /* ImagesListViewController.swift in Sources */ = {isa = PBXBuildFile; fileRef = 92D5A7DE29C360D9000F7A1C /* ImagesListViewController.swift */; };
		92D5A7E429C360DA000F7A1C /* Assets.xcassets in Resources */ = {isa = PBXBuildFile; fileRef = 92D5A7E329C360DA000F7A1C /* Assets.xcassets */; };
		92D5A7E729C360DA000F7A1C /* LaunchScreen.storyboard in Resources */ = {isa = PBXBuildFile; fileRef = 92D5A7E529C360DA000F7A1C /* LaunchScreen.storyboard */; };
		92D5A81029C5C3B4000F7A1C /* UIColor+Extension.swift in Sources */ = {isa = PBXBuildFile; fileRef = 92D5A80F29C5C3B4000F7A1C /* UIColor+Extension.swift */; };
		92D5A81329C62112000F7A1C /* ImagesListCell.swift in Sources */ = {isa = PBXBuildFile; fileRef = 92D5A81229C62112000F7A1C /* ImagesListCell.swift */; };
		92F590442A0AB75E002727E3 /* Kingfisher in Frameworks */ = {isa = PBXBuildFile; productRef = 92F590432A0AB75E002727E3 /* Kingfisher */; };
		92F590472A0C2835002727E3 /* SwiftKeychainWrapper in Frameworks */ = {isa = PBXBuildFile; productRef = 92F590462A0C2835002727E3 /* SwiftKeychainWrapper */; };
		92F5904A2A0CD259002727E3 /* TabBarViewController.swift in Sources */ = {isa = PBXBuildFile; fileRef = 92F590492A0CD259002727E3 /* TabBarViewController.swift */; };
		92F5904C2A111661002727E3 /* OAuthTokenResponseBody.swift in Sources */ = {isa = PBXBuildFile; fileRef = 92F5904B2A111661002727E3 /* OAuthTokenResponseBody.swift */; };
/* End PBXBuildFile section */

/* Begin PBXFileReference section */
		927CB16F29F350C0009765F3 /* OAuth2Service.swift */ = {isa = PBXFileReference; lastKnownFileType = sourcecode.swift; path = OAuth2Service.swift; sourceTree = "<group>"; };
		927CB17229F436CB009765F3 /* OAuth2TokenStorage + SKW.swift */ = {isa = PBXFileReference; lastKnownFileType = sourcecode.swift; path = "OAuth2TokenStorage + SKW.swift"; sourceTree = "<group>"; };
		927CB17429F49049009765F3 /* SplashViewController.swift */ = {isa = PBXFileReference; lastKnownFileType = sourcecode.swift; path = SplashViewController.swift; sourceTree = "<group>"; };
		928E65B929EB40E4000DA229 /* Constants.swift */ = {isa = PBXFileReference; lastKnownFileType = sourcecode.swift; path = Constants.swift; sourceTree = "<group>"; };
		928E65BC29EF2BAB000DA229 /* AuthViewController.swift */ = {isa = PBXFileReference; lastKnownFileType = sourcecode.swift; path = AuthViewController.swift; sourceTree = "<group>"; };
		928E65BE29EF5922000DA229 /* WebViewViewController.swift */ = {isa = PBXFileReference; lastKnownFileType = sourcecode.swift; path = WebViewViewController.swift; sourceTree = "<group>"; };
		9290C93229D7270D00ADF3C3 /* Main.storyboard */ = {isa = PBXFileReference; fileEncoding = 4; lastKnownFileType = file.storyboard; path = Main.storyboard; sourceTree = "<group>"; };
		9290C93629D7293D00ADF3C3 /* ProfileViewController.swift */ = {isa = PBXFileReference; fileEncoding = 4; lastKnownFileType = sourcecode.swift; path = ProfileViewController.swift; sourceTree = "<group>"; };
		9290C93929D7296200ADF3C3 /* SingleImageViewController.swift */ = {isa = PBXFileReference; fileEncoding = 4; lastKnownFileType = sourcecode.swift; path = SingleImageViewController.swift; sourceTree = "<group>"; };
		92A3C1272A052F67004598E0 /* ProfileService.swift */ = {isa = PBXFileReference; lastKnownFileType = sourcecode.swift; path = ProfileService.swift; sourceTree = "<group>"; };
		92A3C1292A06E44F004598E0 /* ProfileImageService.swift */ = {isa = PBXFileReference; lastKnownFileType = sourcecode.swift; path = ProfileImageService.swift; sourceTree = "<group>"; };
		92A3C12D2A0944C4004598E0 /* URLSession - GenericFunc.swift */ = {isa = PBXFileReference; lastKnownFileType = sourcecode.swift; path = "URLSession - GenericFunc.swift"; sourceTree = "<group>"; };
		92C14DF02A04EC5D0035C527 /* UIBlockingProgressHUD.swift */ = {isa = PBXFileReference; lastKnownFileType = sourcecode.swift; path = UIBlockingProgressHUD.swift; sourceTree = "<group>"; };
		92D5A7D729C360D9000F7A1C /* pinterestClone.app */ = {isa = PBXFileReference; explicitFileType = wrapper.application; includeInIndex = 0; path = pinterestClone.app; sourceTree = BUILT_PRODUCTS_DIR; };
		92D5A7DA29C360D9000F7A1C /* AppDelegate.swift */ = {isa = PBXFileReference; lastKnownFileType = sourcecode.swift; path = AppDelegate.swift; sourceTree = "<group>"; };
		92D5A7DC29C360D9000F7A1C /* SceneDelegate.swift */ = {isa = PBXFileReference; lastKnownFileType = sourcecode.swift; path = SceneDelegate.swift; sourceTree = "<group>"; };
		92D5A7DE29C360D9000F7A1C /* ImagesListViewController.swift */ = {isa = PBXFileReference; lastKnownFileType = sourcecode.swift; path = ImagesListViewController.swift; sourceTree = "<group>"; };
		92D5A7E329C360DA000F7A1C /* Assets.xcassets */ = {isa = PBXFileReference; lastKnownFileType = folder.assetcatalog; path = Assets.xcassets; sourceTree = "<group>"; };
		92D5A7E629C360DA000F7A1C /* Base */ = {isa = PBXFileReference; lastKnownFileType = file.storyboard; name = Base; path = Base.lproj/LaunchScreen.storyboard; sourceTree = "<group>"; };
		92D5A7E829C360DA000F7A1C /* Info.plist */ = {isa = PBXFileReference; lastKnownFileType = text.plist.xml; path = Info.plist; sourceTree = "<group>"; };
		92D5A80F29C5C3B4000F7A1C /* UIColor+Extension.swift */ = {isa = PBXFileReference; lastKnownFileType = sourcecode.swift; path = "UIColor+Extension.swift"; sourceTree = "<group>"; };
		92D5A81229C62112000F7A1C /* ImagesListCell.swift */ = {isa = PBXFileReference; lastKnownFileType = sourcecode.swift; path = ImagesListCell.swift; sourceTree = "<group>"; };
		92F590492A0CD259002727E3 /* TabBarViewController.swift */ = {isa = PBXFileReference; lastKnownFileType = sourcecode.swift; path = TabBarViewController.swift; sourceTree = "<group>"; };
		92F5904B2A111661002727E3 /* OAuthTokenResponseBody.swift */ = {isa = PBXFileReference; lastKnownFileType = sourcecode.swift; path = OAuthTokenResponseBody.swift; sourceTree = "<group>"; };
/* End PBXFileReference section */

/* Begin PBXFrameworksBuildPhase section */
		92D5A7D429C360D9000F7A1C /* Frameworks */ = {
			isa = PBXFrameworksBuildPhase;
			buildActionMask = 2147483647;
			files = (
				92F590442A0AB75E002727E3 /* Kingfisher in Frameworks */,
				92C14DEF29FC05150035C527 /* ProgressHUD in Frameworks */,
				92F590472A0C2835002727E3 /* SwiftKeychainWrapper in Frameworks */,
			);
			runOnlyForDeploymentPostprocessing = 0;
		};
/* End PBXFrameworksBuildPhase section */

/* Begin PBXGroup section */
		927CB17629F5AD20009765F3 /* ServiceAccessLayer(OAuth2) */ = {
			isa = PBXGroup;
			children = (
				927CB16F29F350C0009765F3 /* OAuth2Service.swift */,
				927CB17229F436CB009765F3 /* OAuth2TokenStorage + SKW.swift */,
				92F5904B2A111661002727E3 /* OAuthTokenResponseBody.swift */,
			);
			path = "ServiceAccessLayer(OAuth2)";
			sourceTree = "<group>";
		};
		927CB17729F7F38A009765F3 /* SplashView */ = {
			isa = PBXGroup;
			children = (
				927CB17429F49049009765F3 /* SplashViewController.swift */,
				92C14DF02A04EC5D0035C527 /* UIBlockingProgressHUD.swift */,
			);
			path = SplashView;
			sourceTree = "<group>";
		};
		928E65BB29EF2B82000DA229 /* AuthFolder + TokenRepo(SKW) */ = {
			isa = PBXGroup;
			children = (
				927CB17629F5AD20009765F3 /* ServiceAccessLayer(OAuth2) */,
				928E65BC29EF2BAB000DA229 /* AuthViewController.swift */,
				928E65BE29EF5922000DA229 /* WebViewViewController.swift */,
			);
			path = "AuthFolder + TokenRepo(SKW)";
			sourceTree = "<group>";
		};
		9290C93829D7294300ADF3C3 /* UserProfileFolder */ = {
			isa = PBXGroup;
			children = (
				9290C93629D7293D00ADF3C3 /* ProfileViewController.swift */,
				92A3C1272A052F67004598E0 /* ProfileService.swift */,
				92A3C1292A06E44F004598E0 /* ProfileImageService.swift */,
			);
			path = UserProfileFolder;
			sourceTree = "<group>";
		};
		9290C93B29D7296D00ADF3C3 /* SingleImage */ = {
			isa = PBXGroup;
			children = (
				9290C93929D7296200ADF3C3 /* SingleImageViewController.swift */,
			);
			path = SingleImage;
			sourceTree = "<group>";
		};
		92D5A7CE29C360D9000F7A1C = {
			isa = PBXGroup;
			children = (
				92D5A7D929C360D9000F7A1C /* pinterestClone */,
				92D5A7D829C360D9000F7A1C /* Products */,
			);
			sourceTree = "<group>";
		};
		92D5A7D829C360D9000F7A1C /* Products */ = {
			isa = PBXGroup;
			children = (
				92D5A7D729C360D9000F7A1C /* pinterestClone.app */,
			);
			name = Products;
			sourceTree = "<group>";
		};
		92D5A7D929C360D9000F7A1C /* pinterestClone */ = {
			isa = PBXGroup;
			children = (
				927CB17729F7F38A009765F3 /* SplashView */,
				928E65BB29EF2B82000DA229 /* AuthFolder + TokenRepo(SKW) */,
				92F590482A0CD242002727E3 /* TabBar */,
				92D5A81129C620F0000F7A1C /* ImagesListFolder */,
				9290C93829D7294300ADF3C3 /* UserProfileFolder */,
				92D5A80E29C5C38F000F7A1C /* Helpers */,
				92D5A7DA29C360D9000F7A1C /* AppDelegate.swift */,
				92D5A7DC29C360D9000F7A1C /* SceneDelegate.swift */,
				9290C93229D7270D00ADF3C3 /* Main.storyboard */,
				92D5A7E329C360DA000F7A1C /* Assets.xcassets */,
				92D5A7E529C360DA000F7A1C /* LaunchScreen.storyboard */,
				92D5A7E829C360DA000F7A1C /* Info.plist */,
			);
			path = pinterestClone;
			sourceTree = "<group>";
		};
		92D5A80E29C5C38F000F7A1C /* Helpers */ = {
			isa = PBXGroup;
			children = (
				928E65B929EB40E4000DA229 /* Constants.swift */,
				92D5A80F29C5C3B4000F7A1C /* UIColor+Extension.swift */,
				92A3C12D2A0944C4004598E0 /* URLSession - GenericFunc.swift */,
			);
			path = Helpers;
			sourceTree = "<group>";
		};
		92D5A81129C620F0000F7A1C /* ImagesListFolder */ = {
			isa = PBXGroup;
			children = (
				92D5A7DE29C360D9000F7A1C /* ImagesListViewController.swift */,
				92D5A81229C62112000F7A1C /* ImagesListCell.swift */,
				9290C93B29D7296D00ADF3C3 /* SingleImage */,
			);
			path = ImagesListFolder;
			sourceTree = "<group>";
		};
		92F590482A0CD242002727E3 /* TabBar */ = {
			isa = PBXGroup;
			children = (
				92F590492A0CD259002727E3 /* TabBarViewController.swift */,
			);
			path = TabBar;
			sourceTree = "<group>";
		};
/* End PBXGroup section */

/* Begin PBXNativeTarget section */
		92D5A7D629C360D9000F7A1C /* pinterestClone */ = {
			isa = PBXNativeTarget;
			buildConfigurationList = 92D5A7EB29C360DA000F7A1C /* Build configuration list for PBXNativeTarget "pinterestClone" */;
			buildPhases = (
				92D5A7D329C360D9000F7A1C /* Sources */,
				92D5A7D429C360D9000F7A1C /* Frameworks */,
				92D5A7D529C360D9000F7A1C /* Resources */,
			);
			buildRules = (
			);
			dependencies = (
			);
			name = pinterestClone;
			packageProductDependencies = (
				92C14DEE29FC05150035C527 /* ProgressHUD */,
				92F590432A0AB75E002727E3 /* Kingfisher */,
				92F590462A0C2835002727E3 /* SwiftKeychainWrapper */,
			);
			productName = pinterestClone;
			productReference = 92D5A7D729C360D9000F7A1C /* pinterestClone.app */;
			productType = "com.apple.product-type.application";
		};
/* End PBXNativeTarget section */

/* Begin PBXProject section */
		92D5A7CF29C360D9000F7A1C /* Project object */ = {
			isa = PBXProject;
			attributes = {
				BuildIndependentTargetsInParallel = 1;
				LastSwiftUpdateCheck = 1420;
				LastUpgradeCheck = 1420;
				TargetAttributes = {
					92D5A7D629C360D9000F7A1C = {
						CreatedOnToolsVersion = 14.2;
					};
				};
			};
			buildConfigurationList = 92D5A7D229C360D9000F7A1C /* Build configuration list for PBXProject "pinterestClone" */;
			compatibilityVersion = "Xcode 14.0";
			developmentRegion = en;
			hasScannedForEncodings = 0;
			knownRegions = (
				en,
				Base,
			);
			mainGroup = 92D5A7CE29C360D9000F7A1C;
			packageReferences = (
				92C14DED29FC05150035C527 /* XCRemoteSwiftPackageReference "ProgressHUD" */,
				92F590422A0AB75E002727E3 /* XCRemoteSwiftPackageReference "Kingfisher" */,
				92F590452A0C2835002727E3 /* XCRemoteSwiftPackageReference "SwiftKeychainWrapper" */,
			);
			productRefGroup = 92D5A7D829C360D9000F7A1C /* Products */;
			projectDirPath = "";
			projectRoot = "";
			targets = (
				92D5A7D629C360D9000F7A1C /* pinterestClone */,
			);
		};
/* End PBXProject section */

/* Begin PBXResourcesBuildPhase section */
		92D5A7D529C360D9000F7A1C /* Resources */ = {
			isa = PBXResourcesBuildPhase;
			buildActionMask = 2147483647;
			files = (
				9290C93329D7270D00ADF3C3 /* Main.storyboard in Resources */,
				92D5A7E729C360DA000F7A1C /* LaunchScreen.storyboard in Resources */,
				92D5A7E429C360DA000F7A1C /* Assets.xcassets in Resources */,
			);
			runOnlyForDeploymentPostprocessing = 0;
		};
/* End PBXResourcesBuildPhase section */

/* Begin PBXSourcesBuildPhase section */
		92D5A7D329C360D9000F7A1C /* Sources */ = {
			isa = PBXSourcesBuildPhase;
			buildActionMask = 2147483647;
			files = (
				928E65BF29EF5922000DA229 /* WebViewViewController.swift in Sources */,
				9290C93729D7293D00ADF3C3 /* ProfileViewController.swift in Sources */,
				92D5A7DF29C360D9000F7A1C /* ImagesListViewController.swift in Sources */,
				92D5A81329C62112000F7A1C /* ImagesListCell.swift in Sources */,
				9290C93A29D7296200ADF3C3 /* SingleImageViewController.swift in Sources */,
				92D5A7DB29C360D9000F7A1C /* AppDelegate.swift in Sources */,
				927CB17529F49049009765F3 /* SplashViewController.swift in Sources */,
				92D5A7DD29C360D9000F7A1C /* SceneDelegate.swift in Sources */,
				92D5A81029C5C3B4000F7A1C /* UIColor+Extension.swift in Sources */,
				92F5904C2A111661002727E3 /* OAuthTokenResponseBody.swift in Sources */,
				92A3C12A2A06E44F004598E0 /* ProfileImageService.swift in Sources */,
				928E65BD29EF2BAB000DA229 /* AuthViewController.swift in Sources */,
				927CB17029F350C1009765F3 /* OAuth2Service.swift in Sources */,
				92F5904A2A0CD259002727E3 /* TabBarViewController.swift in Sources */,
				927CB17329F436CB009765F3 /* OAuth2TokenStorage + SKW.swift in Sources */,
				92A3C12E2A0944C4004598E0 /* URLSession - GenericFunc.swift in Sources */,
				928E65BA29EB40E4000DA229 /* Constants.swift in Sources */,
				92C14DF12A04EC5D0035C527 /* UIBlockingProgressHUD.swift in Sources */,
				92A3C1282A052F67004598E0 /* ProfileService.swift in Sources */,
			);
			runOnlyForDeploymentPostprocessing = 0;
		};
/* End PBXSourcesBuildPhase section */

/* Begin PBXVariantGroup section */
		92D5A7E529C360DA000F7A1C /* LaunchScreen.storyboard */ = {
			isa = PBXVariantGroup;
			children = (
				92D5A7E629C360DA000F7A1C /* Base */,
			);
			name = LaunchScreen.storyboard;
			sourceTree = "<group>";
		};
/* End PBXVariantGroup section */

/* Begin XCBuildConfiguration section */
		92D5A7E929C360DA000F7A1C /* Debug */ = {
			isa = XCBuildConfiguration;
			buildSettings = {
				ALWAYS_SEARCH_USER_PATHS = NO;
				CLANG_ANALYZER_NONNULL = YES;
				CLANG_ANALYZER_NUMBER_OBJECT_CONVERSION = YES_AGGRESSIVE;
				CLANG_CXX_LANGUAGE_STANDARD = "gnu++20";
				CLANG_ENABLE_MODULES = YES;
				CLANG_ENABLE_OBJC_ARC = YES;
				CLANG_ENABLE_OBJC_WEAK = YES;
				CLANG_WARN_BLOCK_CAPTURE_AUTORELEASING = YES;
				CLANG_WARN_BOOL_CONVERSION = YES;
				CLANG_WARN_COMMA = YES;
				CLANG_WARN_CONSTANT_CONVERSION = YES;
				CLANG_WARN_DEPRECATED_OBJC_IMPLEMENTATIONS = YES;
				CLANG_WARN_DIRECT_OBJC_ISA_USAGE = YES_ERROR;
				CLANG_WARN_DOCUMENTATION_COMMENTS = YES;
				CLANG_WARN_EMPTY_BODY = YES;
				CLANG_WARN_ENUM_CONVERSION = YES;
				CLANG_WARN_INFINITE_RECURSION = YES;
				CLANG_WARN_INT_CONVERSION = YES;
				CLANG_WARN_NON_LITERAL_NULL_CONVERSION = YES;
				CLANG_WARN_OBJC_IMPLICIT_RETAIN_SELF = YES;
				CLANG_WARN_OBJC_LITERAL_CONVERSION = YES;
				CLANG_WARN_OBJC_ROOT_CLASS = YES_ERROR;
				CLANG_WARN_QUOTED_INCLUDE_IN_FRAMEWORK_HEADER = YES;
				CLANG_WARN_RANGE_LOOP_ANALYSIS = YES;
				CLANG_WARN_STRICT_PROTOTYPES = YES;
				CLANG_WARN_SUSPICIOUS_MOVE = YES;
				CLANG_WARN_UNGUARDED_AVAILABILITY = YES_AGGRESSIVE;
				CLANG_WARN_UNREACHABLE_CODE = YES;
				CLANG_WARN__DUPLICATE_METHOD_MATCH = YES;
				COPY_PHASE_STRIP = NO;
				DEBUG_INFORMATION_FORMAT = dwarf;
				ENABLE_STRICT_OBJC_MSGSEND = YES;
				ENABLE_TESTABILITY = YES;
				GCC_C_LANGUAGE_STANDARD = gnu11;
				GCC_DYNAMIC_NO_PIC = NO;
				GCC_NO_COMMON_BLOCKS = YES;
				GCC_OPTIMIZATION_LEVEL = 0;
				GCC_PREPROCESSOR_DEFINITIONS = (
					"DEBUG=1",
					"$(inherited)",
				);
				GCC_WARN_64_TO_32_BIT_CONVERSION = YES;
				GCC_WARN_ABOUT_RETURN_TYPE = YES_ERROR;
				GCC_WARN_UNDECLARED_SELECTOR = YES;
				GCC_WARN_UNINITIALIZED_AUTOS = YES_AGGRESSIVE;
				GCC_WARN_UNUSED_FUNCTION = YES;
				GCC_WARN_UNUSED_VARIABLE = YES;
				IPHONEOS_DEPLOYMENT_TARGET = 16.2;
				MTL_ENABLE_DEBUG_INFO = INCLUDE_SOURCE;
				MTL_FAST_MATH = YES;
				ONLY_ACTIVE_ARCH = YES;
				SDKROOT = iphoneos;
				SWIFT_ACTIVE_COMPILATION_CONDITIONS = DEBUG;
				SWIFT_OPTIMIZATION_LEVEL = "-Onone";
			};
			name = Debug;
		};
		92D5A7EA29C360DA000F7A1C /* Release */ = {
			isa = XCBuildConfiguration;
			buildSettings = {
				ALWAYS_SEARCH_USER_PATHS = NO;
				CLANG_ANALYZER_NONNULL = YES;
				CLANG_ANALYZER_NUMBER_OBJECT_CONVERSION = YES_AGGRESSIVE;
				CLANG_CXX_LANGUAGE_STANDARD = "gnu++20";
				CLANG_ENABLE_MODULES = YES;
				CLANG_ENABLE_OBJC_ARC = YES;
				CLANG_ENABLE_OBJC_WEAK = YES;
				CLANG_WARN_BLOCK_CAPTURE_AUTORELEASING = YES;
				CLANG_WARN_BOOL_CONVERSION = YES;
				CLANG_WARN_COMMA = YES;
				CLANG_WARN_CONSTANT_CONVERSION = YES;
				CLANG_WARN_DEPRECATED_OBJC_IMPLEMENTATIONS = YES;
				CLANG_WARN_DIRECT_OBJC_ISA_USAGE = YES_ERROR;
				CLANG_WARN_DOCUMENTATION_COMMENTS = YES;
				CLANG_WARN_EMPTY_BODY = YES;
				CLANG_WARN_ENUM_CONVERSION = YES;
				CLANG_WARN_INFINITE_RECURSION = YES;
				CLANG_WARN_INT_CONVERSION = YES;
				CLANG_WARN_NON_LITERAL_NULL_CONVERSION = YES;
				CLANG_WARN_OBJC_IMPLICIT_RETAIN_SELF = YES;
				CLANG_WARN_OBJC_LITERAL_CONVERSION = YES;
				CLANG_WARN_OBJC_ROOT_CLASS = YES_ERROR;
				CLANG_WARN_QUOTED_INCLUDE_IN_FRAMEWORK_HEADER = YES;
				CLANG_WARN_RANGE_LOOP_ANALYSIS = YES;
				CLANG_WARN_STRICT_PROTOTYPES = YES;
				CLANG_WARN_SUSPICIOUS_MOVE = YES;
				CLANG_WARN_UNGUARDED_AVAILABILITY = YES_AGGRESSIVE;
				CLANG_WARN_UNREACHABLE_CODE = YES;
				CLANG_WARN__DUPLICATE_METHOD_MATCH = YES;
				COPY_PHASE_STRIP = NO;
				DEBUG_INFORMATION_FORMAT = "dwarf-with-dsym";
				ENABLE_NS_ASSERTIONS = NO;
				ENABLE_STRICT_OBJC_MSGSEND = YES;
				GCC_C_LANGUAGE_STANDARD = gnu11;
				GCC_NO_COMMON_BLOCKS = YES;
				GCC_WARN_64_TO_32_BIT_CONVERSION = YES;
				GCC_WARN_ABOUT_RETURN_TYPE = YES_ERROR;
				GCC_WARN_UNDECLARED_SELECTOR = YES;
				GCC_WARN_UNINITIALIZED_AUTOS = YES_AGGRESSIVE;
				GCC_WARN_UNUSED_FUNCTION = YES;
				GCC_WARN_UNUSED_VARIABLE = YES;
				IPHONEOS_DEPLOYMENT_TARGET = 16.2;
				MTL_ENABLE_DEBUG_INFO = NO;
				MTL_FAST_MATH = YES;
				SDKROOT = iphoneos;
				SWIFT_COMPILATION_MODE = wholemodule;
				SWIFT_OPTIMIZATION_LEVEL = "-O";
				VALIDATE_PRODUCT = YES;
			};
			name = Release;
		};
		92D5A7EC29C360DA000F7A1C /* Debug */ = {
			isa = XCBuildConfiguration;
			buildSettings = {
				ASSETCATALOG_COMPILER_APPICON_NAME = AppIcon;
				ASSETCATALOG_COMPILER_GLOBAL_ACCENT_COLOR_NAME = AccentColor;
				CODE_SIGN_STYLE = Automatic;
				CURRENT_PROJECT_VERSION = 1;
				DEVELOPMENT_TEAM = C3Q4L42H3A;
				GENERATE_INFOPLIST_FILE = YES;
				INFOPLIST_FILE = pinterestClone/Info.plist;
				INFOPLIST_KEY_UIApplicationSupportsIndirectInputEvents = YES;
				INFOPLIST_KEY_UILaunchStoryboardName = LaunchScreen;
				INFOPLIST_KEY_UIMainStoryboardFile = Main;
				INFOPLIST_KEY_UISupportedInterfaceOrientations = UIInterfaceOrientationPortrait;
				INFOPLIST_KEY_UISupportedInterfaceOrientations_iPhone = UIInterfaceOrientationPortrait;
				IPHONEOS_DEPLOYMENT_TARGET = 13.0;
				LD_RUNPATH_SEARCH_PATHS = (
					"$(inherited)",
					"@executable_path/Frameworks",
				);
				MARKETING_VERSION = 1.0;
				PRODUCT_BUNDLE_IDENTIFIER = com.ChakyrIT.pinterestClone;
				PRODUCT_NAME = "$(TARGET_NAME)";
				SUPPORTED_PLATFORMS = "iphoneos iphonesimulator";
				SUPPORTS_MACCATALYST = NO;
				SUPPORTS_MAC_DESIGNED_FOR_IPHONE_IPAD = YES;
				SWIFT_EMIT_LOC_STRINGS = YES;
				SWIFT_VERSION = 5.0;
				TARGETED_DEVICE_FAMILY = 1;
			};
			name = Debug;
		};
		92D5A7ED29C360DA000F7A1C /* Release */ = {
			isa = XCBuildConfiguration;
			buildSettings = {
				ASSETCATALOG_COMPILER_APPICON_NAME = AppIcon;
				ASSETCATALOG_COMPILER_GLOBAL_ACCENT_COLOR_NAME = AccentColor;
				CODE_SIGN_STYLE = Automatic;
				CURRENT_PROJECT_VERSION = 1;
				DEVELOPMENT_TEAM = C3Q4L42H3A;
				GENERATE_INFOPLIST_FILE = YES;
				INFOPLIST_FILE = pinterestClone/Info.plist;
				INFOPLIST_KEY_UIApplicationSupportsIndirectInputEvents = YES;
				INFOPLIST_KEY_UILaunchStoryboardName = LaunchScreen;
				INFOPLIST_KEY_UIMainStoryboardFile = Main;
				INFOPLIST_KEY_UISupportedInterfaceOrientations = UIInterfaceOrientationPortrait;
				INFOPLIST_KEY_UISupportedInterfaceOrientations_iPhone = UIInterfaceOrientationPortrait;
				IPHONEOS_DEPLOYMENT_TARGET = 13.0;
				LD_RUNPATH_SEARCH_PATHS = (
					"$(inherited)",
					"@executable_path/Frameworks",
				);
				MARKETING_VERSION = 1.0;
				PRODUCT_BUNDLE_IDENTIFIER = com.ChakyrIT.pinterestClone;
				PRODUCT_NAME = "$(TARGET_NAME)";
				SUPPORTED_PLATFORMS = "iphoneos iphonesimulator";
				SUPPORTS_MACCATALYST = NO;
				SUPPORTS_MAC_DESIGNED_FOR_IPHONE_IPAD = YES;
				SWIFT_EMIT_LOC_STRINGS = YES;
				SWIFT_VERSION = 5.0;
				TARGETED_DEVICE_FAMILY = 1;
			};
			name = Release;
		};
/* End XCBuildConfiguration section */

/* Begin XCConfigurationList section */
		92D5A7D229C360D9000F7A1C /* Build configuration list for PBXProject "pinterestClone" */ = {
			isa = XCConfigurationList;
			buildConfigurations = (
				92D5A7E929C360DA000F7A1C /* Debug */,
				92D5A7EA29C360DA000F7A1C /* Release */,
			);
			defaultConfigurationIsVisible = 0;
			defaultConfigurationName = Release;
		};
		92D5A7EB29C360DA000F7A1C /* Build configuration list for PBXNativeTarget "pinterestClone" */ = {
			isa = XCConfigurationList;
			buildConfigurations = (
				92D5A7EC29C360DA000F7A1C /* Debug */,
				92D5A7ED29C360DA000F7A1C /* Release */,
			);
			defaultConfigurationIsVisible = 0;
			defaultConfigurationName = Release;
		};
/* End XCConfigurationList section */

/* Begin XCRemoteSwiftPackageReference section */
		92C14DED29FC05150035C527 /* XCRemoteSwiftPackageReference "ProgressHUD" */ = {
			isa = XCRemoteSwiftPackageReference;
			repositoryURL = "https://github.com/relatedcode/ProgressHUD";
			requirement = {
				kind = upToNextMajorVersion;
				minimumVersion = 13.0.0;
			};
		};
		92F590422A0AB75E002727E3 /* XCRemoteSwiftPackageReference "Kingfisher" */ = {
			isa = XCRemoteSwiftPackageReference;
			repositoryURL = "https://github.com/onevcat/Kingfisher";
			requirement = {
				kind = upToNextMajorVersion;
				minimumVersion = 7.0.0;
			};
		};
		92F590452A0C2835002727E3 /* XCRemoteSwiftPackageReference "SwiftKeychainWrapper" */ = {
			isa = XCRemoteSwiftPackageReference;
			repositoryURL = "https://github.com/jrendel/SwiftKeychainWrapper";
			requirement = {
				kind = upToNextMajorVersion;
				minimumVersion = 4.0.0;
			};
		};
/* End XCRemoteSwiftPackageReference section */

/* Begin XCSwiftPackageProductDependency section */
		92C14DEE29FC05150035C527 /* ProgressHUD */ = {
			isa = XCSwiftPackageProductDependency;
			package = 92C14DED29FC05150035C527 /* XCRemoteSwiftPackageReference "ProgressHUD" */;
			productName = ProgressHUD;
		};
		92F590432A0AB75E002727E3 /* Kingfisher */ = {
			isa = XCSwiftPackageProductDependency;
			package = 92F590422A0AB75E002727E3 /* XCRemoteSwiftPackageReference "Kingfisher" */;
			productName = Kingfisher;
		};
		92F590462A0C2835002727E3 /* SwiftKeychainWrapper */ = {
			isa = XCSwiftPackageProductDependency;
			package = 92F590452A0C2835002727E3 /* XCRemoteSwiftPackageReference "SwiftKeychainWrapper" */;
			productName = SwiftKeychainWrapper;
		};
/* End XCSwiftPackageProductDependency section */
	};
	rootObject = 92D5A7CF29C360D9000F7A1C /* Project object */;
}
